
Microsoft Visual Studio Solution File, Format Version 12.00
# Visual Studio Version 16
VisualStudioVersion = 16.0.29418.71
MinimumVisualStudioVersion = 10.0.40219.1
Project("{FAE04EC0-301F-11D3-BF4B-00C04F79EFBC}") = "Enem.WebAPI", "Enem.WebAPI\Enem.WebAPI.csproj", "{D1C2A20F-817A-4589-A720-92A031062359}"
EndProject
Global
	GlobalSection(SolutionConfigurationPlatforms) = preSolution
		Debug|Any CPU = Debug|Any CPU
		Release|Any CPU = Release|Any CPU
	EndGlobalSection
	GlobalSection(ProjectConfigurationPlatforms) = postSolution
		{D1C2A20F-817A-4589-A720-92A031062359}.Debug|Any CPU.ActiveCfg = Debug|Any CPU
		{D1C2A20F-817A-4589-A720-92A031062359}.Debug|Any CPU.Build.0 = Debug|Any CPU
		{D1C2A20F-817A-4589-A720-92A031062359}.Release|Any CPU.ActiveCfg = Release|Any CPU
		{D1C2A20F-817A-4589-A720-92A031062359}.Release|Any CPU.Build.0 = Release|Any CPU
	EndGlobalSection
	GlobalSection(SolutionProperties) = preSolution
		HideSolutionNode = FALSE
	EndGlobalSection
	GlobalSection(ExtensibilityGlobals) = postSolution
		SolutionGuid = {FA4C745B-25E9-49C6-87CF-719CA6728725}
	EndGlobalSection
EndGlobal
